{
  "name": "arpping",
  "version": "3.0.0",
  "lockfileVersion": 1,
  "requires": true,
  "dependencies": {
    "child_process": {
      "version": "1.0.2",
      "resolved": "https://registry.npmjs.org/child_process/-/child_process-1.0.2.tgz",
      "integrity": "sha1-sffn/HPSXn/R1FWtyU4UODAYK1o="
    },
    "netmask": {
      "version": "2.0.1",
      "resolved": "https://registry.npmjs.org/netmask/-/netmask-2.0.1.tgz",
      "integrity": "sha512-gB8eG6ubxz67c7O2gaGiyWdRUIbH61q7anjgueDqCC9kvIs/b4CTtCMaQKeJbv1/Y7FT19I4zKwYmjnjInRQsg=="
    },
    "os": {
      "version": "0.1.1",
      "resolved": "https://registry.npmjs.org/os/-/os-0.1.1.tgz",
      "integrity": "sha1-IIhF6J4ZOtTZcUdLk5R3NqVtE/M="
    }
  }
}
